{
  "version": 4,
  "terraform_version": "1.6.6",
  "serial": 642,
  "lineage": "9ccae7fc-3cab-a550-c663-d7a500d2f013",
  "outputs": {},
  "resources": [
    {
      "mode": "data",
      "type": "google_client_config",
      "name": "default",
      "provider": "provider[\"registry.terraform.io/hashicorp/google\"]",
      "instances": [
        {
          "schema_version": 0,
          "attributes": {
            "access_token": "ya29.a0AXooCgtYbH2oOJL9BLMl8yHCiho_eFHc1eOHYiMiVFwO7ARnZfKCezhe3xBy3LdNM9_0bnVladyR1NQRk0up-EyXS_PeYWiHIOngzYKt4iVyi3c9a4FgfH4kiyLZwtLgqLbLQ4LCSrkR8CmlEl58722geF89Yialy9H2ogaCgYKARgSARASFQHGX2MiLX23AMHAZfu4TrQgia03Pw0173",
            "id": "projects/\"astute-baton-430219-i9\"/regions/\"us-central1\"/zones/\u003cnull\u003e",
            "project": "astute-baton-430219-i9",
            "region": "us-central1",
            "zone": null
          },
          "sensitive_attributes": []
        }
      ]
    },
    {
      "mode": "data",
      "type": "google_dns_managed_zone",
      "name": "portfolio_zone",
      "provider": "provider[\"registry.terraform.io/hashicorp/google\"]",
      "instances": [
        {
          "schema_version": 0,
          "attributes": {
            "description": "sparshramchandani.me",
            "dns_name": "sparshramchandani.me.",
            "id": "projects/astute-baton-430219-i9/managedZones/sparshramchandani",
            "managed_zone_id": 819688452431210513,
            "name": "sparshramchandani",
            "name_servers": [
              "ns-cloud-c1.googledomains.com.",
              "ns-cloud-c2.googledomains.com.",
              "ns-cloud-c3.googledomains.com.",
              "ns-cloud-c4.googledomains.com."
            ],
            "project": "astute-baton-430219-i9",
            "visibility": "public"
          },
          "sensitive_attributes": []
        }
      ]
    },
    {
      "mode": "managed",
      "type": "google_compute_global_address",
      "name": "portfolio_ip",
      "provider": "provider[\"registry.terraform.io/hashicorp/google\"]",
      "instances": [
        {
          "schema_version": 0,
          "attributes": {
            "address": "34.54.66.180",
            "address_type": "EXTERNAL",
            "creation_timestamp": "2024-07-29T13:54:17.855-07:00",
            "description": "",
            "effective_labels": {},
            "id": "projects/astute-baton-430219-i9/global/addresses/portfolio-ip",
            "ip_version": "",
            "labels": null,
            "name": "portfolio-ip",
            "network": "",
            "prefix_length": 0,
            "project": "astute-baton-430219-i9",
            "purpose": "",
            "self_link": "https://www.googleapis.com/compute/v1/projects/astute-baton-430219-i9/global/addresses/portfolio-ip",
            "terraform_labels": {},
            "timeouts": null
          },
          "sensitive_attributes": [],
          "private": "eyJlMmJmYjczMC1lY2FhLTExZTYtOGY4OC0zNDM2M2JjN2M0YzAiOnsiY3JlYXRlIjoxMjAwMDAwMDAwMDAwLCJkZWxldGUiOjEyMDAwMDAwMDAwMDAsInVwZGF0ZSI6MTIwMDAwMDAwMDAwMH19"
        }
      ]
    },
    {
      "mode": "managed",
      "type": "google_compute_network",
      "name": "vpc",
      "provider": "provider[\"registry.terraform.io/hashicorp/google\"]",
      "instances": [
        {
          "schema_version": 0,
          "attributes": {
            "auto_create_subnetworks": false,
            "delete_default_routes_on_create": false,
            "description": "",
            "enable_ula_internal_ipv6": false,
            "gateway_ipv4": "",
            "id": "projects/astute-baton-430219-i9/global/networks/portfolio-vpc",
            "internal_ipv6_range": "",
            "mtu": 0,
            "name": "portfolio-vpc",
            "network_firewall_policy_enforcement_order": "AFTER_CLASSIC_FIREWALL",
            "numeric_id": "4912978015983878038",
            "project": "astute-baton-430219-i9",
            "routing_mode": "REGIONAL",
            "self_link": "https://www.googleapis.com/compute/v1/projects/astute-baton-430219-i9/global/networks/portfolio-vpc",
            "timeouts": null
          },
          "sensitive_attributes": [],
          "private": "eyJlMmJmYjczMC1lY2FhLTExZTYtOGY4OC0zNDM2M2JjN2M0YzAiOnsiY3JlYXRlIjoxMjAwMDAwMDAwMDAwLCJkZWxldGUiOjEyMDAwMDAwMDAwMDAsInVwZGF0ZSI6MTIwMDAwMDAwMDAwMH19"
        }
      ]
    },
    {
      "mode": "managed",
      "type": "google_compute_subnetwork",
      "name": "subnet",
      "provider": "provider[\"registry.terraform.io/hashicorp/google\"]",
      "instances": [
        {
          "schema_version": 0,
          "attributes": {
            "creation_timestamp": "2024-07-29T13:54:29.225-07:00",
            "description": "",
            "external_ipv6_prefix": "",
            "fingerprint": null,
            "gateway_address": "10.0.0.1",
            "id": "projects/astute-baton-430219-i9/regions/us-central1/subnetworks/portfolio-subnet",
            "internal_ipv6_prefix": "",
            "ip_cidr_range": "10.0.0.0/24",
            "ipv6_access_type": "",
            "ipv6_cidr_range": "",
            "log_config": [],
            "name": "portfolio-subnet",
            "network": "https://www.googleapis.com/compute/v1/projects/astute-baton-430219-i9/global/networks/portfolio-vpc",
            "private_ip_google_access": false,
            "private_ipv6_google_access": "DISABLE_GOOGLE_ACCESS",
            "project": "astute-baton-430219-i9",
            "purpose": "PRIVATE",
            "region": "us-central1",
            "role": "",
            "secondary_ip_range": [],
            "self_link": "https://www.googleapis.com/compute/v1/projects/astute-baton-430219-i9/regions/us-central1/subnetworks/portfolio-subnet",
            "stack_type": "IPV4_ONLY",
            "timeouts": null
          },
          "sensitive_attributes": [],
          "private": "eyJlMmJmYjczMC1lY2FhLTExZTYtOGY4OC0zNDM2M2JjN2M0YzAiOnsiY3JlYXRlIjoxMjAwMDAwMDAwMDAwLCJkZWxldGUiOjEyMDAwMDAwMDAwMDAsInVwZGF0ZSI6MTIwMDAwMDAwMDAwMH19",
          "dependencies": [
            "google_compute_network.vpc"
          ]
        }
      ]
    },
    {
      "mode": "managed",
      "type": "google_container_cluster",
      "name": "primary",
      "provider": "provider[\"registry.terraform.io/hashicorp/google\"]",
      "instances": [
        {
          "schema_version": 2,
          "attributes": {
            "addons_config": [
              {
                "cloudrun_config": [],
                "config_connector_config": [],
                "dns_cache_config": [],
                "gce_persistent_disk_csi_driver_config": [
                  {
                    "enabled": true
                  }
                ],
                "gcp_filestore_csi_driver_config": [],
                "gcs_fuse_csi_driver_config": [],
                "gke_backup_agent_config": [],
                "horizontal_pod_autoscaling": [],
                "http_load_balancing": [],
                "network_policy_config": [
                  {
                    "disabled": true
                  }
                ],
                "stateful_ha_config": []
              }
            ],
            "allow_net_admin": null,
            "authenticator_groups_config": [],
            "binary_authorization": [
              {
                "enabled": false,
                "evaluation_mode": ""
              }
            ],
            "cluster_autoscaling": [
              {
                "auto_provisioning_defaults": [],
                "autoscaling_profile": "BALANCED",
                "enabled": false,
                "resource_limits": []
              }
            ],
            "cluster_ipv4_cidr": "10.1.0.0/16",
            "confidential_nodes": [],
            "cost_management_config": [],
            "database_encryption": [
              {
                "key_name": "",
                "state": "DECRYPTED"
              }
            ],
            "datapath_provider": "",
            "default_max_pods_per_node": 110,
            "default_snat_status": [
              {
                "disabled": false
              }
            ],
            "deletion_protection": false,
            "description": "",
            "dns_config": [],
            "enable_autopilot": false,
            "enable_cilium_clusterwide_network_policy": false,
            "enable_intranode_visibility": false,
            "enable_k8s_beta_apis": [],
            "enable_kubernetes_alpha": false,
            "enable_l4_ilb_subsetting": false,
            "enable_legacy_abac": false,
            "enable_shielded_nodes": true,
            "enable_tpu": false,
            "endpoint": "35.225.66.29",
            "fleet": [],
            "gateway_api_config": [],
            "id": "projects/astute-baton-430219-i9/locations/us-central1/clusters/portfolio-cluster",
            "identity_service_config": [],
            "initial_node_count": 1,
            "ip_allocation_policy": [
              {
                "additional_pod_ranges_config": [],
                "cluster_ipv4_cidr_block": "10.1.0.0/16",
                "cluster_secondary_range_name": "gke-portfolio-cluster-pods-c5c00d42",
                "pod_cidr_overprovision_config": [
                  {
                    "disabled": false
                  }
                ],
                "services_ipv4_cidr_block": "10.2.0.0/16",
                "services_secondary_range_name": "gke-portfolio-cluster-services-c5c00d42",
                "stack_type": "IPV4"
              }
            ],
            "label_fingerprint": "a9dc16a7",
            "location": "us-central1",
            "logging_config": [
              {
                "enable_components": [
                  "SYSTEM_COMPONENTS",
                  "WORKLOADS"
                ]
              }
            ],
            "logging_service": "logging.googleapis.com/kubernetes",
            "maintenance_policy": [],
            "master_auth": [
              {
                "client_certificate": "",
                "client_certificate_config": [
                  {
                    "issue_client_certificate": false
                  }
                ],
                "client_key": "",
                "cluster_ca_certificate": "LS0tLS1CRUdJTiBDRVJUSUZJQ0FURS0tLS0tCk1JSUVMRENDQXBTZ0F3SUJBZ0lRQTZScm5LOWV1TUFEUTlXKzU4NnVmakFOQmdrcWhraUc5dzBCQVFzRkFEQXYKTVMwd0t3WURWUVFERXlSaVlURXlZV0l5TmkwNE1HTTVMVFE1TTJVdE9UWmpPQzFpTldZek16azROR1JrWW1NdwpJQmNOTWpRd056STVNVGsxTkRReFdoZ1BNakExTkRBM01qSXlNRFUwTkRGYU1DOHhMVEFyQmdOVkJBTVRKR0poCk1USmhZakkyTFRnd1l6a3RORGt6WlMwNU5tTTRMV0kxWmpNek9UZzBaR1JpWXpDQ0FhSXdEUVlKS29aSWh2Y04KQVFFQkJRQURnZ0dQQURDQ0FZb0NnZ0dCQUs4RzlFSFdvQ01GbWhQZEdsdlBrNlFvcEJnS1l6UWlLdkYwd3A5VgppbmtKUml2VzVLNVpZWFBGVmVhZm9BdWhZSlVGN0c0dnp0YWJvT1dMN1FvNDQvdmhwY2syeCtXKy80WGo2L3dECmR3NnZRRzlqeG40MjIzK0tITzZrNEM0ZWJoUEM5YXpPdDhFNFhPcnVXeG80aUdqS2JWVy9xaGl6WjFPelpmbWkKemZOS0hReU5oQnJ0Z1QzalEycGxmd2hnSHNwN1UrSGRML0dMS0daM3A3K0k1SjQzekJRbjhEL0hmUDVlUCtvawoycm5MOFdsQ0IvTWdZRVpLb1AzZEhDV0pYczE2aHJBektPN210b093VSt0ayszbWNiTGhLZUdiaXIxRlFNNmRSCkozMDhjZzhwRFVuR0Z2dW5vcVhrSWVUVTdiNU1La3pncktudzFrS01oV2JRbjNMNXArOW1VeDFPaTVoSzRGVC8KR2poUGRQTG1BUnNiYnNyRWRsWG01NVJ6dlJVRDhoUzFwVHBWTXhBT3ROWm1ub2hwdVNtV0tWZ3BYYnBRblQvcApGb2ZhNUlmTVNwQ1pyU3VsVzR3cVVCZXNhRHI0RFhDekIrdWdMRzM4ZE8rNUZ5Nk5GMVdYemZybDMvbWozbEFmCnNRUURBTWJSNnZFY3JBSURLY3dMZXhGNGJRSURBUUFCbzBJd1FEQU9CZ05WSFE4QkFmOEVCQU1DQWdRd0R3WUQKVlIwVEFRSC9CQVV3QXdFQi96QWRCZ05WSFE0RUZnUVVTZlJmYlA3WmZjNy9tVE5RWDJ2RG1RNXBKcHd3RFFZSgpLb1pJaHZjTkFRRUxCUUFEZ2dHQkFFRXB3cFlwWXR3Qk5iRm1CRWdJU2c4bnlxZHlaZWlPMGl3YzRDcHNrd0lDCk5rUm9wVjAzK0tXOFBoVWpnSWNNVzZoYjBab3FlMEVFc3dBZGxqV1h6dFBldFFiUXJOcXVWd0huYWxNNHFaY3UKVDJNbFg2UWVVb21wb2hTa2tCdzJKSmo5NUFtbWhSZnByTXJ3UVRONEFKTGxHUncrWXcreTROaDR3RU1kYVlkTQo3a3E5Zlp0UXVYK2ZDcGxaUUJtUTkrUkhDam9tQWlIUGwwQzFGN1dhZUJMY1E5cVlSQVpGSHgvc29HOFV0akxTCkVmU21TSG5zdUZpdG4vaTluR0owR3MxS1VMd1ZQQ0NjQWhEN3g4Rm95SDBXQ0xTYnFjY1lCak1EaVRSeTkvd0oKbjhEK0ZSWjRMUElzb0dwOG1ORWF2ejR2VndKWU1FQkxFU2hVY2FqOGlYVDIxdndRN3RGZUUyUjh2c2JJU0ZTRgpuNkFXWDA2RnVuMUtoL1ZXWDhoNzVCTlpzeXhUVytwMjhJaXAxVFA5ZkgzdzFJV3c2dGRzUlBXSTRSa3NRWGtqCnF5VGJPVWtab1ArY1pTc0x2dGJubTN5cHdEdnI0L204Q3YxU3RIZjFQdUZhWERVYkZXYTVDL2hyYkYvdVIwRXIKeG1ncDFEK2daUUY4aEdjV3BmUjVGZz09Ci0tLS0tRU5EIENFUlRJRklDQVRFLS0tLS0K"
              }
            ],
            "master_authorized_networks_config": [],
            "master_version": "1.29.6-gke.1038001",
            "mesh_certificates": [],
            "min_master_version": null,
            "monitoring_config": [
              {
                "advanced_datapath_observability_config": [
                  {
                    "enable_metrics": false,
                    "enable_relay": false,
                    "relay_mode": "DISABLED"
                  }
                ],
                "enable_components": [
                  "SYSTEM_COMPONENTS",
                  "HPA",
                  "POD",
                  "DAEMONSET",
                  "DEPLOYMENT",
                  "STATEFULSET",
                  "STORAGE",
                  "CADVISOR",
                  "KUBELET"
                ],
                "managed_prometheus": [
                  {
                    "enabled": true
                  }
                ]
              }
            ],
            "monitoring_service": "monitoring.googleapis.com/kubernetes",
            "name": "portfolio-cluster",
            "network": "projects/astute-baton-430219-i9/global/networks/portfolio-vpc",
            "network_policy": [
              {
                "enabled": false,
                "provider": "PROVIDER_UNSPECIFIED"
              }
            ],
            "networking_mode": "VPC_NATIVE",
            "node_config": [],
            "node_locations": [
              "us-central1-a",
              "us-central1-b",
              "us-central1-f"
            ],
            "node_pool": [],
            "node_pool_auto_config": [],
            "node_pool_defaults": [
              {
                "node_config_defaults": [
                  {
                    "containerd_config": [],
                    "logging_variant": "DEFAULT"
                  }
                ]
              }
            ],
            "node_version": "1.29.6-gke.1038001",
            "notification_config": [
              {
                "pubsub": [
                  {
                    "enabled": false,
                    "filter": [],
                    "topic": ""
                  }
                ]
              }
            ],
            "operation": null,
            "private_cluster_config": [
              {
                "enable_private_endpoint": false,
                "enable_private_nodes": false,
                "master_global_access_config": [
                  {
                    "enabled": false
                  }
                ],
                "master_ipv4_cidr_block": "",
                "peering_name": "",
                "private_endpoint": "10.0.0.2",
                "private_endpoint_subnetwork": "",
                "public_endpoint": "35.225.66.29"
              }
            ],
            "private_ipv6_google_access": "",
            "project": "astute-baton-430219-i9",
            "release_channel": [
              {
                "channel": "REGULAR"
              }
            ],
            "remove_default_node_pool": true,
            "resource_labels": null,
            "resource_usage_export_config": [],
            "security_posture_config": [
              {
                "mode": "BASIC",
                "vulnerability_mode": "VULNERABILITY_MODE_UNSPECIFIED"
              }
            ],
            "self_link": "https://container.googleapis.com/v1/projects/astute-baton-430219-i9/locations/us-central1/clusters/portfolio-cluster",
            "service_external_ips_config": [
              {
                "enabled": false
              }
            ],
            "services_ipv4_cidr": "10.2.0.0/16",
            "subnetwork": "projects/astute-baton-430219-i9/regions/us-central1/subnetworks/portfolio-subnet",
            "timeouts": null,
            "tpu_ipv4_cidr_block": "",
            "vertical_pod_autoscaling": [],
            "workload_identity_config": []
          },
          "sensitive_attributes": [],
          "private": "eyJlMmJmYjczMC1lY2FhLTExZTYtOGY4OC0zNDM2M2JjN2M0YzAiOnsiY3JlYXRlIjoyNDAwMDAwMDAwMDAwLCJkZWxldGUiOjI0MDAwMDAwMDAwMDAsInJlYWQiOjI0MDAwMDAwMDAwMDAsInVwZGF0ZSI6MzYwMDAwMDAwMDAwMH0sInNjaGVtYV92ZXJzaW9uIjoiMiJ9",
          "dependencies": [
            "google_compute_network.vpc",
            "google_compute_subnetwork.subnet"
          ]
        }
      ]
    },
    {
      "mode": "managed",
      "type": "google_container_node_pool",
      "name": "primary_nodes",
      "provider": "provider[\"registry.terraform.io/hashicorp/google\"]",
      "instances": [
        {
          "schema_version": 1,
          "attributes": {
            "autoscaling": [],
            "cluster": "portfolio-cluster",
            "id": "projects/astute-baton-430219-i9/locations/us-central1/clusters/portfolio-cluster/nodePools/portfolio-node-pool",
            "initial_node_count": 1,
            "instance_group_urls": [
              "https://www.googleapis.com/compute/v1/projects/astute-baton-430219-i9/zones/us-central1-b/instanceGroupManagers/gke-portfolio-cluste-portfolio-node-p-c5c8e946-grp",
              "https://www.googleapis.com/compute/v1/projects/astute-baton-430219-i9/zones/us-central1-a/instanceGroupManagers/gke-portfolio-cluste-portfolio-node-p-074a532d-grp",
              "https://www.googleapis.com/compute/v1/projects/astute-baton-430219-i9/zones/us-central1-f/instanceGroupManagers/gke-portfolio-cluste-portfolio-node-p-03ba6a1d-grp"
            ],
            "location": "us-central1",
            "managed_instance_group_urls": [
              "https://www.googleapis.com/compute/v1/projects/astute-baton-430219-i9/zones/us-central1-b/instanceGroups/gke-portfolio-cluste-portfolio-node-p-c5c8e946-grp",
              "https://www.googleapis.com/compute/v1/projects/astute-baton-430219-i9/zones/us-central1-a/instanceGroups/gke-portfolio-cluste-portfolio-node-p-074a532d-grp",
              "https://www.googleapis.com/compute/v1/projects/astute-baton-430219-i9/zones/us-central1-f/instanceGroups/gke-portfolio-cluste-portfolio-node-p-03ba6a1d-grp"
            ],
            "management": [
              {
                "auto_repair": true,
                "auto_upgrade": true
              }
            ],
            "max_pods_per_node": 110,
            "name": "portfolio-node-pool",
            "name_prefix": "",
            "network_config": [
              {
                "create_pod_range": false,
                "enable_private_nodes": false,
                "network_performance_config": [],
                "pod_cidr_overprovision_config": [],
                "pod_ipv4_cidr_block": "10.1.0.0/16",
                "pod_range": "gke-portfolio-cluster-pods-c5c00d42"
              }
            ],
            "node_config": [
              {
                "advanced_machine_features": [],
                "boot_disk_kms_key": "",
                "confidential_nodes": [],
                "containerd_config": [],
                "disk_size_gb": 100,
                "disk_type": "pd-balanced",
                "effective_taints": [],
                "enable_confidential_storage": false,
                "ephemeral_storage_local_ssd_config": [],
                "fast_socket": [],
                "gcfs_config": [],
                "guest_accelerator": [],
                "gvnic": [],
                "host_maintenance_policy": [],
                "image_type": "COS_CONTAINERD",
                "kubelet_config": [],
                "labels": {},
                "linux_node_config": [],
                "local_nvme_ssd_block_config": [],
                "local_ssd_count": 0,
                "logging_variant": "DEFAULT",
                "machine_type": "e2-medium",
                "metadata": {
                  "disable-legacy-endpoints": "true"
                },
                "min_cpu_platform": "",
                "node_group": "",
                "oauth_scopes": [
                  "https://www.googleapis.com/auth/devstorage.read_only",
                  "https://www.googleapis.com/auth/logging.write",
                  "https://www.googleapis.com/auth/monitoring",
                  "https://www.googleapis.com/auth/service.management.readonly",
                  "https://www.googleapis.com/auth/servicecontrol",
                  "https://www.googleapis.com/auth/trace.append"
                ],
                "preemptible": false,
                "reservation_affinity": [],
                "resource_labels": null,
                "resource_manager_tags": null,
                "secondary_boot_disks": [],
                "service_account": "default",
                "shielded_instance_config": [
                  {
                    "enable_integrity_monitoring": true,
                    "enable_secure_boot": false
                  }
                ],
                "sole_tenant_config": [],
                "spot": false,
                "tags": null,
                "taint": [],
                "workload_metadata_config": []
              }
            ],
            "node_count": 1,
            "node_locations": [
              "us-central1-a",
              "us-central1-b",
              "us-central1-f"
            ],
            "operation": null,
            "placement_policy": [],
            "project": "astute-baton-430219-i9",
            "queued_provisioning": [],
            "timeouts": null,
            "upgrade_settings": [
              {
                "blue_green_settings": [],
                "max_surge": 1,
                "max_unavailable": 0,
                "strategy": "SURGE"
              }
            ],
            "version": "1.29.6-gke.1038001"
          },
          "sensitive_attributes": [],
          "private": "eyJlMmJmYjczMC1lY2FhLTExZTYtOGY4OC0zNDM2M2JjN2M0YzAiOnsiY3JlYXRlIjoxODAwMDAwMDAwMDAwLCJkZWxldGUiOjE4MDAwMDAwMDAwMDAsInVwZGF0ZSI6MTgwMDAwMDAwMDAwMH0sInNjaGVtYV92ZXJzaW9uIjoiMSJ9",
          "dependencies": [
            "google_compute_network.vpc",
            "google_compute_subnetwork.subnet",
            "google_container_cluster.primary"
          ]
        }
      ]
    },
    {
      "mode": "managed",
      "type": "google_dns_record_set",
      "name": "portfolio",
      "provider": "provider[\"registry.terraform.io/hashicorp/google\"]",
      "instances": [
        {
          "schema_version": 0,
          "attributes": {
            "id": "projects/astute-baton-430219-i9/managedZones/sparshramchandani/rrsets/sparshramchandani.me./A",
            "managed_zone": "sparshramchandani",
            "name": "sparshramchandani.me.",
            "project": "astute-baton-430219-i9",
            "routing_policy": [],
            "rrdatas": [
              "34.54.66.180"
            ],
            "ttl": 300,
            "type": "A"
          },
          "sensitive_attributes": [],
          "private": "bnVsbA==",
          "dependencies": [
            "data.google_dns_managed_zone.portfolio_zone",
            "google_compute_global_address.portfolio_ip"
          ]
        }
      ]
    }
  ],
  "check_results": null
}
